
Microsoft Visual Studio Solution File, Format Version 12.00
# Visual Studio Version 17
VisualStudioVersion = 17.5.002.0
MinimumVisualStudioVersion = 10.0.40219.1
Project("{9A19103F-16F7-4668-BE54-9A1E7A4F7556}") = "03-layout-razor-page", "03-layout-razor-page.csproj", "{1ABEA622-61EC-45A8-A4A7-A09165C84F1A}"
EndProject
Global
	GlobalSection(SolutionConfigurationPlatforms) = preSolution
		Debug|Any CPU = Debug|Any CPU
		Release|Any CPU = Release|Any CPU
	EndGlobalSection
	GlobalSection(ProjectConfigurationPlatforms) = postSolution
		{1ABEA622-61EC-45A8-A4A7-A09165C84F1A}.Debug|Any CPU.ActiveCfg = Debug|Any CPU
		{1ABEA622-61EC-45A8-A4A7-A09165C84F1A}.Debug|Any CPU.Build.0 = Debug|Any CPU
		{1ABEA622-61EC-45A8-A4A7-A09165C84F1A}.Release|Any CPU.ActiveCfg = Release|Any CPU
		{1ABEA622-61EC-45A8-A4A7-A09165C84F1A}.Release|Any CPU.Build.0 = Release|Any CPU
	EndGlobalSection
	GlobalSection(SolutionProperties) = preSolution
		HideSolutionNode = FALSE
	EndGlobalSection
	GlobalSection(ExtensibilityGlobals) = postSolution
		SolutionGuid = {75996CA1-F277-4B50-9055-2C20F8500ADC}
	EndGlobalSection
EndGlobal
